<?xml version="1.0" encoding="utf-8"?>
<Project ToolsVersion="4.0" xmlns="http://schemas.microsoft.com/developer/msbuild/2003">
  <ItemGroup>
    <Filter Include="源文件">
      <UniqueIdentifier>{4FC737F1-C7A5-4376-A066-2A32D752A2FF}</UniqueIdentifier>
      <Extensions>cpp;c;cc;cxx;c++;cppm;ixx;def;odl;idl;hpj;bat;asm;asmx</Extensions>
    </Filter>
    <Filter Include="头文件">
      <UniqueIdentifier>{93995380-89BD-4b04-88EB-625FBE52EBFB}</UniqueIdentifier>
      <Extensions>h;hh;hpp;hxx;h++;hm;inl;inc;ipp;xsd</Extensions>
    </Filter>
    <Filter Include="资源文件">
      <UniqueIdentifier>{67DA6AB6-F800-4c08-8B7A-83BB121AAD01}</UniqueIdentifier>
      <Extensions>rc;ico;cur;bmp;dlg;rc2;rct;bin;rgs;gif;jpg;jpeg;jpe;resx;tiff;tif;png;wav;mfcribbon-ms</Extensions>
    </Filter>
    <Filter Include="源文件\Linked">
      <UniqueIdentifier>{55268c20-4db6-4508-ac90-8dd756a2188c}</UniqueIdentifier>
    </Filter>
    <Filter Include="源文件\File">
      <UniqueIdentifier>{45fc135f-19b8-4533-b84a-1c08f3714512}</UniqueIdentifier>
    </Filter>
    <Filter Include="源文件\Graphics">
      <UniqueIdentifier>{5993e1fe-ae07-45f4-9af2-54a3fa1dba13}</UniqueIdentifier>
    </Filter>
  </ItemGroup>
  <ItemGroup>
    <ClCompile Include="Main.cpp">
      <Filter>源文件</Filter>
    </ClCompile>
    <ClCompile Include="Tetris.cpp">
      <Filter>源文件</Filter>
    </ClCompile>
    <ClCompile Include="Linked.cpp">
      <Filter>源文件\Linked</Filter>
    </ClCompile>
    <ClCompile Include="File.cpp">
      <Filter>源文件\File</Filter>
    </ClCompile>
    <ClCompile Include="News.cpp">
      <Filter>源文件</Filter>
    </ClCompile>
    <ClCompile Include="Graphics.cpp">
      <Filter>源文件\Graphics</Filter>
    </ClCompile>
  </ItemGroup>
  <ItemGroup>
    <ClInclude Include="Head.h">
      <Filter>头文件</Filter>
    </ClInclude>
    <ClInclude Include="Tetris.h">
      <Filter>头文件</Filter>
    </ClInclude>
    <ClInclude Include="Structur.h">
      <Filter>头文件</Filter>
    </ClInclude>
    <ClInclude Include="Linked.h">
      <Filter>源文件\Linked</Filter>
    </ClInclude>
    <ClInclude Include="File.h">
      <Filter>源文件\File</Filter>
    </ClInclude>
    <ClInclude Include="News.h">
      <Filter>头文件</Filter>
    </ClInclude>
    <ClInclude Include="Graphics.h">
      <Filter>源文件\Graphics</Filter>
    </ClInclude>
  </ItemGroup>
</Project>